// !$*UTF8*$!
{
	archiveVersion = 1;
	classes = {
	};
	objectVersion = 55;
	objects = {

/* Begin PBXBuildFile section */
		1E8B1B9927FE237C00862C26 /* DepositResponse.swift in Sources */ = {isa = PBXBuildFile; fileRef = 1E8B1B8E27FE237C00862C26 /* DepositResponse.swift */; };
		1E8B1B9A27FE237C00862C26 /* ConfigPaymentsResponse.swift in Sources */ = {isa = PBXBuildFile; fileRef = 1E8B1B8F27FE237C00862C26 /* ConfigPaymentsResponse.swift */; };
		1E8B1B9B27FE237C00862C26 /* WalletListResponse.swift in Sources */ = {isa = PBXBuildFile; fileRef = 1E8B1B9027FE237C00862C26 /* WalletListResponse.swift */; };
		1E8B1B9C27FE237C00862C26 /* AuthorizationResponse.swift in Sources */ = {isa = PBXBuildFile; fileRef = 1E8B1B9127FE237C00862C26 /* AuthorizationResponse.swift */; };
		1E8B1B9D27FE237C00862C26 /* HistoryResponse.swift in Sources */ = {isa = PBXBuildFile; fileRef = 1E8B1B9227FE237C00862C26 /* HistoryResponse.swift */; };
		1E8B1B9E27FE237C00862C26 /* PaymentProcessResponse.swift in Sources */ = {isa = PBXBuildFile; fileRef = 1E8B1B9327FE237C00862C26 /* PaymentProcessResponse.swift */; };
		1E8B1B9F27FE237C00862C26 /* CodeConfirmResponse.swift in Sources */ = {isa = PBXBuildFile; fileRef = 1E8B1B9427FE237C00862C26 /* CodeConfirmResponse.swift */; };
		1E8B1BA027FE237C00862C26 /* WithdrawResponse.swift in Sources */ = {isa = PBXBuildFile; fileRef = 1E8B1B9527FE237C00862C26 /* WithdrawResponse.swift */; };
		1E8B1BA127FE237C00862C26 /* PayoffMethodsResponse.swift in Sources */ = {isa = PBXBuildFile; fileRef = 1E8B1B9627FE237C00862C26 /* PayoffMethodsResponse.swift */; };
		1E8B1BA227FE237C00862C26 /* TransferResponseswift.swift in Sources */ = {isa = PBXBuildFile; fileRef = 1E8B1B9727FE237C00862C26 /* TransferResponseswift.swift */; };
		1E8B1BA327FE237C00862C26 /* RegistrationResponse.swift in Sources */ = {isa = PBXBuildFile; fileRef = 1E8B1B9827FE237C00862C26 /* RegistrationResponse.swift */; };
		1E8B1BB427FF638F00862C26 /* TestAnimation.storyboard in Resources */ = {isa = PBXBuildFile; fileRef = 1E8B1BB327FF638F00862C26 /* TestAnimation.storyboard */; };
		1E8B1BB627FF64F500862C26 /* AlertAnimationViewController.swift in Sources */ = {isa = PBXBuildFile; fileRef = 1E8B1BB527FF64F500862C26 /* AlertAnimationViewController.swift */; };
		1E8B1BB927FF685400862C26 /* CardAnimationViewController.swift in Sources */ = {isa = PBXBuildFile; fileRef = 1E8B1BB827FF685400862C26 /* CardAnimationViewController.swift */; };
		83E5AA1E949B58D9F731BECD /* Pods_AQUATests.framework in Frameworks */ = {isa = PBXBuildFile; fileRef = 5FBB02D93C016D44A9EAB530 /* Pods_AQUATests.framework */; };
		A305B8C0E716132B7403222F /* Pods_AQUA.framework in Frameworks */ = {isa = PBXBuildFile; fileRef = 994523CFDFFA46AFCD950D6E /* Pods_AQUA.framework */; };
		AA35410A27F99FE8002F70B1 /* AppDelegate.swift in Sources */ = {isa = PBXBuildFile; fileRef = AA35410927F99FE8002F70B1 /* AppDelegate.swift */; };
		AA35410C27F99FE8002F70B1 /* SceneDelegate.swift in Sources */ = {isa = PBXBuildFile; fileRef = AA35410B27F99FE8002F70B1 /* SceneDelegate.swift */; };
		AA35411127F99FE8002F70B1 /* Main.storyboard in Resources */ = {isa = PBXBuildFile; fileRef = AA35410F27F99FE8002F70B1 /* Main.storyboard */; };
		AA35411427F99FE8002F70B1 /* AQUA.xcdatamodeld in Sources */ = {isa = PBXBuildFile; fileRef = AA35411227F99FE8002F70B1 /* AQUA.xcdatamodeld */; };
		AA35411627F99FEB002F70B1 /* Assets.xcassets in Resources */ = {isa = PBXBuildFile; fileRef = AA35411527F99FEB002F70B1 /* Assets.xcassets */; };
		AA35411927F99FEB002F70B1 /* LaunchScreen.storyboard in Resources */ = {isa = PBXBuildFile; fileRef = AA35411727F99FEB002F70B1 /* LaunchScreen.storyboard */; };
		AA35412427F99FEB002F70B1 /* AQUATests.swift in Sources */ = {isa = PBXBuildFile; fileRef = AA35412327F99FEB002F70B1 /* AQUATests.swift */; };
		AA35412E27F99FEB002F70B1 /* AQUAUITests.swift in Sources */ = {isa = PBXBuildFile; fileRef = AA35412D27F99FEB002F70B1 /* AQUAUITests.swift */; };
		AA35413027F99FEB002F70B1 /* AQUAUITestsLaunchTests.swift in Sources */ = {isa = PBXBuildFile; fileRef = AA35412F27F99FEB002F70B1 /* AQUAUITestsLaunchTests.swift */; };
		AA35413D27F9A01A002F70B1 /* StartupViewController.swift in Sources */ = {isa = PBXBuildFile; fileRef = AA35413C27F9A01A002F70B1 /* StartupViewController.swift */; };
		AA35414F27F9A5D5002F70B1 /* Inter-Regular.otf in Resources */ = {isa = PBXBuildFile; fileRef = AA35414B27F9A513002F70B1 /* Inter-Regular.otf */; };
		AA35415027F9A5D9002F70B1 /* Inter-Light.otf in Resources */ = {isa = PBXBuildFile; fileRef = AA35414E27F9A514002F70B1 /* Inter-Light.otf */; };
		AA35415127F9A5DB002F70B1 /* Inter-Medium.otf in Resources */ = {isa = PBXBuildFile; fileRef = AA35414D27F9A514002F70B1 /* Inter-Medium.otf */; };
		AA35415227F9A5DE002F70B1 /* TTCommons-Medium.ttf in Resources */ = {isa = PBXBuildFile; fileRef = AA35414C27F9A513002F70B1 /* TTCommons-Medium.ttf */; };
		AA35415327F9A5E0002F70B1 /* TTCommons-Light.ttf in Resources */ = {isa = PBXBuildFile; fileRef = AA35414A27F9A513002F70B1 /* TTCommons-Light.ttf */; };
		AA35415527F9A923002F70B1 /* LoginViewController.swift in Sources */ = {isa = PBXBuildFile; fileRef = AA35415427F9A923002F70B1 /* LoginViewController.swift */; };
		AA35416027F9AA36002F70B1 /* RegisterViewController.swift in Sources */ = {isa = PBXBuildFile; fileRef = AA35415F27F9AA36002F70B1 /* RegisterViewController.swift */; };
		AA35416327F9B0A6002F70B1 /* PresentTransition.swift in Sources */ = {isa = PBXBuildFile; fileRef = AA35416227F9B0A6002F70B1 /* PresentTransition.swift */; };
		AF634C86F3B4A96F09156B96 /* Pods_AQUA_AQUAUITests.framework in Frameworks */ = {isa = PBXBuildFile; fileRef = 1F955F3130BC467C75B72C14 /* Pods_AQUA_AQUAUITests.framework */; };
/* End PBXBuildFile section */

/* Begin PBXContainerItemProxy section */
		AA35412027F99FEB002F70B1 /* PBXContainerItemProxy */ = {
			isa = PBXContainerItemProxy;
			containerPortal = AA3540FE27F99FE8002F70B1 /* Project object */;
			proxyType = 1;
			remoteGlobalIDString = AA35410527F99FE8002F70B1;
			remoteInfo = AQUA;
		};
		AA35412A27F99FEB002F70B1 /* PBXContainerItemProxy */ = {
			isa = PBXContainerItemProxy;
			containerPortal = AA3540FE27F99FE8002F70B1 /* Project object */;
			proxyType = 1;
			remoteGlobalIDString = AA35410527F99FE8002F70B1;
			remoteInfo = AQUA;
		};
/* End PBXContainerItemProxy section */

/* Begin PBXFileReference section */
		1AB80A849BED4168C15F6589 /* Pods-AQUATests.debug.xcconfig */ = {isa = PBXFileReference; includeInIndex = 1; lastKnownFileType = text.xcconfig; name = "Pods-AQUATests.debug.xcconfig"; path = "Target Support Files/Pods-AQUATests/Pods-AQUATests.debug.xcconfig"; sourceTree = "<group>"; };
		1E8B1B8E27FE237C00862C26 /* DepositResponse.swift */ = {isa = PBXFileReference; fileEncoding = 4; lastKnownFileType = sourcecode.swift; path = DepositResponse.swift; sourceTree = "<group>"; };
		1E8B1B8F27FE237C00862C26 /* ConfigPaymentsResponse.swift */ = {isa = PBXFileReference; fileEncoding = 4; lastKnownFileType = sourcecode.swift; path = ConfigPaymentsResponse.swift; sourceTree = "<group>"; };
		1E8B1B9027FE237C00862C26 /* WalletListResponse.swift */ = {isa = PBXFileReference; fileEncoding = 4; lastKnownFileType = sourcecode.swift; path = WalletListResponse.swift; sourceTree = "<group>"; };
		1E8B1B9127FE237C00862C26 /* AuthorizationResponse.swift */ = {isa = PBXFileReference; fileEncoding = 4; lastKnownFileType = sourcecode.swift; path = AuthorizationResponse.swift; sourceTree = "<group>"; };
		1E8B1B9227FE237C00862C26 /* HistoryResponse.swift */ = {isa = PBXFileReference; fileEncoding = 4; lastKnownFileType = sourcecode.swift; path = HistoryResponse.swift; sourceTree = "<group>"; };
		1E8B1B9327FE237C00862C26 /* PaymentProcessResponse.swift */ = {isa = PBXFileReference; fileEncoding = 4; lastKnownFileType = sourcecode.swift; path = PaymentProcessResponse.swift; sourceTree = "<group>"; };
		1E8B1B9427FE237C00862C26 /* CodeConfirmResponse.swift */ = {isa = PBXFileReference; fileEncoding = 4; lastKnownFileType = sourcecode.swift; path = CodeConfirmResponse.swift; sourceTree = "<group>"; };
		1E8B1B9527FE237C00862C26 /* WithdrawResponse.swift */ = {isa = PBXFileReference; fileEncoding = 4; lastKnownFileType = sourcecode.swift; path = WithdrawResponse.swift; sourceTree = "<group>"; };
		1E8B1B9627FE237C00862C26 /* PayoffMethodsResponse.swift */ = {isa = PBXFileReference; fileEncoding = 4; lastKnownFileType = sourcecode.swift; path = PayoffMethodsResponse.swift; sourceTree = "<group>"; };
		1E8B1B9727FE237C00862C26 /* TransferResponseswift.swift */ = {isa = PBXFileReference; fileEncoding = 4; lastKnownFileType = sourcecode.swift; path = TransferResponseswift.swift; sourceTree = "<group>"; };
		1E8B1B9827FE237C00862C26 /* RegistrationResponse.swift */ = {isa = PBXFileReference; fileEncoding = 4; lastKnownFileType = sourcecode.swift; path = RegistrationResponse.swift; sourceTree = "<group>"; };
		1E8B1BB327FF638F00862C26 /* TestAnimation.storyboard */ = {isa = PBXFileReference; lastKnownFileType = file.storyboard; path = TestAnimation.storyboard; sourceTree = "<group>"; };
		1E8B1BB527FF64F500862C26 /* AlertAnimationViewController.swift */ = {isa = PBXFileReference; lastKnownFileType = sourcecode.swift; path = AlertAnimationViewController.swift; sourceTree = "<group>"; };
		1E8B1BB827FF685400862C26 /* CardAnimationViewController.swift */ = {isa = PBXFileReference; lastKnownFileType = sourcecode.swift; path = CardAnimationViewController.swift; sourceTree = "<group>"; };
		1F955F3130BC467C75B72C14 /* Pods_AQUA_AQUAUITests.framework */ = {isa = PBXFileReference; explicitFileType = wrapper.framework; includeInIndex = 0; path = Pods_AQUA_AQUAUITests.framework; sourceTree = BUILT_PRODUCTS_DIR; };
		5FBB02D93C016D44A9EAB530 /* Pods_AQUATests.framework */ = {isa = PBXFileReference; explicitFileType = wrapper.framework; includeInIndex = 0; path = Pods_AQUATests.framework; sourceTree = BUILT_PRODUCTS_DIR; };
		7E7D2D05CA21D9D7C731FCD6 /* Pods-AQUA.release.xcconfig */ = {isa = PBXFileReference; includeInIndex = 1; lastKnownFileType = text.xcconfig; name = "Pods-AQUA.release.xcconfig"; path = "Target Support Files/Pods-AQUA/Pods-AQUA.release.xcconfig"; sourceTree = "<group>"; };
		8AEB2028AF9EF085EE97C3DE /* Pods-AQUA-AQUAUITests.release.xcconfig */ = {isa = PBXFileReference; includeInIndex = 1; lastKnownFileType = text.xcconfig; name = "Pods-AQUA-AQUAUITests.release.xcconfig"; path = "Target Support Files/Pods-AQUA-AQUAUITests/Pods-AQUA-AQUAUITests.release.xcconfig"; sourceTree = "<group>"; };
		994523CFDFFA46AFCD950D6E /* Pods_AQUA.framework */ = {isa = PBXFileReference; explicitFileType = wrapper.framework; includeInIndex = 0; path = Pods_AQUA.framework; sourceTree = BUILT_PRODUCTS_DIR; };
		A26277A5FC8289306612E9B7 /* Pods-AQUA-AQUAUITests.debug.xcconfig */ = {isa = PBXFileReference; includeInIndex = 1; lastKnownFileType = text.xcconfig; name = "Pods-AQUA-AQUAUITests.debug.xcconfig"; path = "Target Support Files/Pods-AQUA-AQUAUITests/Pods-AQUA-AQUAUITests.debug.xcconfig"; sourceTree = "<group>"; };
		AA35410627F99FE8002F70B1 /* AQUA.app */ = {isa = PBXFileReference; explicitFileType = wrapper.application; includeInIndex = 0; path = AQUA.app; sourceTree = BUILT_PRODUCTS_DIR; };
		AA35410927F99FE8002F70B1 /* AppDelegate.swift */ = {isa = PBXFileReference; lastKnownFileType = sourcecode.swift; path = AppDelegate.swift; sourceTree = "<group>"; };
		AA35410B27F99FE8002F70B1 /* SceneDelegate.swift */ = {isa = PBXFileReference; lastKnownFileType = sourcecode.swift; path = SceneDelegate.swift; sourceTree = "<group>"; };
		AA35411027F99FE8002F70B1 /* Base */ = {isa = PBXFileReference; lastKnownFileType = file.storyboard; name = Base; path = Base.lproj/Main.storyboard; sourceTree = "<group>"; };
		AA35411327F99FE8002F70B1 /* AQUA.xcdatamodel */ = {isa = PBXFileReference; lastKnownFileType = wrapper.xcdatamodel; path = AQUA.xcdatamodel; sourceTree = "<group>"; };
		AA35411527F99FEB002F70B1 /* Assets.xcassets */ = {isa = PBXFileReference; lastKnownFileType = folder.assetcatalog; path = Assets.xcassets; sourceTree = "<group>"; };
		AA35411827F99FEB002F70B1 /* Base */ = {isa = PBXFileReference; lastKnownFileType = file.storyboard; name = Base; path = Base.lproj/LaunchScreen.storyboard; sourceTree = "<group>"; };
		AA35411A27F99FEB002F70B1 /* Info.plist */ = {isa = PBXFileReference; lastKnownFileType = text.plist.xml; path = Info.plist; sourceTree = "<group>"; };
		AA35411F27F99FEB002F70B1 /* AQUATests.xctest */ = {isa = PBXFileReference; explicitFileType = wrapper.cfbundle; includeInIndex = 0; path = AQUATests.xctest; sourceTree = BUILT_PRODUCTS_DIR; };
		AA35412327F99FEB002F70B1 /* AQUATests.swift */ = {isa = PBXFileReference; lastKnownFileType = sourcecode.swift; path = AQUATests.swift; sourceTree = "<group>"; };
		AA35412927F99FEB002F70B1 /* AQUAUITests.xctest */ = {isa = PBXFileReference; explicitFileType = wrapper.cfbundle; includeInIndex = 0; path = AQUAUITests.xctest; sourceTree = BUILT_PRODUCTS_DIR; };
		AA35412D27F99FEB002F70B1 /* AQUAUITests.swift */ = {isa = PBXFileReference; lastKnownFileType = sourcecode.swift; path = AQUAUITests.swift; sourceTree = "<group>"; };
		AA35412F27F99FEB002F70B1 /* AQUAUITestsLaunchTests.swift */ = {isa = PBXFileReference; lastKnownFileType = sourcecode.swift; path = AQUAUITestsLaunchTests.swift; sourceTree = "<group>"; };
		AA35413C27F9A01A002F70B1 /* StartupViewController.swift */ = {isa = PBXFileReference; lastKnownFileType = sourcecode.swift; path = StartupViewController.swift; sourceTree = "<group>"; };
		AA35414A27F9A513002F70B1 /* TTCommons-Light.ttf */ = {isa = PBXFileReference; lastKnownFileType = file; path = "TTCommons-Light.ttf"; sourceTree = "<group>"; };
		AA35414B27F9A513002F70B1 /* Inter-Regular.otf */ = {isa = PBXFileReference; lastKnownFileType = file; path = "Inter-Regular.otf"; sourceTree = "<group>"; };
		AA35414C27F9A513002F70B1 /* TTCommons-Medium.ttf */ = {isa = PBXFileReference; lastKnownFileType = file; path = "TTCommons-Medium.ttf"; sourceTree = "<group>"; };
		AA35414D27F9A514002F70B1 /* Inter-Medium.otf */ = {isa = PBXFileReference; lastKnownFileType = file; path = "Inter-Medium.otf"; sourceTree = "<group>"; };
		AA35414E27F9A514002F70B1 /* Inter-Light.otf */ = {isa = PBXFileReference; lastKnownFileType = file; path = "Inter-Light.otf"; sourceTree = "<group>"; };
		AA35415427F9A923002F70B1 /* LoginViewController.swift */ = {isa = PBXFileReference; lastKnownFileType = sourcecode.swift; path = LoginViewController.swift; sourceTree = "<group>"; };
		AA35415F27F9AA36002F70B1 /* RegisterViewController.swift */ = {isa = PBXFileReference; lastKnownFileType = sourcecode.swift; path = RegisterViewController.swift; sourceTree = "<group>"; };
		AA35416227F9B0A6002F70B1 /* PresentTransition.swift */ = {isa = PBXFileReference; lastKnownFileType = sourcecode.swift; path = PresentTransition.swift; sourceTree = "<group>"; };
		C58E5753B8FECF1A8A12ECC2 /* Pods-AQUA.debug.xcconfig */ = {isa = PBXFileReference; includeInIndex = 1; lastKnownFileType = text.xcconfig; name = "Pods-AQUA.debug.xcconfig"; path = "Target Support Files/Pods-AQUA/Pods-AQUA.debug.xcconfig"; sourceTree = "<group>"; };
		F55E18D7D6261C15ED181BFB /* Pods-AQUATests.release.xcconfig */ = {isa = PBXFileReference; includeInIndex = 1; lastKnownFileType = text.xcconfig; name = "Pods-AQUATests.release.xcconfig"; path = "Target Support Files/Pods-AQUATests/Pods-AQUATests.release.xcconfig"; sourceTree = "<group>"; };
/* End PBXFileReference section */

/* Begin PBXFrameworksBuildPhase section */
		AA35410327F99FE8002F70B1 /* Frameworks */ = {
			isa = PBXFrameworksBuildPhase;
			buildActionMask = 2147483647;
			files = (
				A305B8C0E716132B7403222F /* Pods_AQUA.framework in Frameworks */,
			);
			runOnlyForDeploymentPostprocessing = 0;
		};
		AA35411C27F99FEB002F70B1 /* Frameworks */ = {
			isa = PBXFrameworksBuildPhase;
			buildActionMask = 2147483647;
			files = (
				83E5AA1E949B58D9F731BECD /* Pods_AQUATests.framework in Frameworks */,
			);
			runOnlyForDeploymentPostprocessing = 0;
		};
		AA35412627F99FEB002F70B1 /* Frameworks */ = {
			isa = PBXFrameworksBuildPhase;
			buildActionMask = 2147483647;
			files = (
				AF634C86F3B4A96F09156B96 /* Pods_AQUA_AQUAUITests.framework in Frameworks */,
			);
			runOnlyForDeploymentPostprocessing = 0;
		};
/* End PBXFrameworksBuildPhase section */

/* Begin PBXGroup section */
		1E8B1B8D27FE237C00862C26 /* ResponseData */ = {
			isa = PBXGroup;
			children = (
				1E8B1B8E27FE237C00862C26 /* DepositResponse.swift */,
				1E8B1B8F27FE237C00862C26 /* ConfigPaymentsResponse.swift */,
				1E8B1B9027FE237C00862C26 /* WalletListResponse.swift */,
				1E8B1B9127FE237C00862C26 /* AuthorizationResponse.swift */,
				1E8B1B9227FE237C00862C26 /* HistoryResponse.swift */,
				1E8B1B9327FE237C00862C26 /* PaymentProcessResponse.swift */,
				1E8B1B9427FE237C00862C26 /* CodeConfirmResponse.swift */,
				1E8B1B9527FE237C00862C26 /* WithdrawResponse.swift */,
				1E8B1B9627FE237C00862C26 /* PayoffMethodsResponse.swift */,
				1E8B1B9727FE237C00862C26 /* TransferResponseswift.swift */,
				1E8B1B9827FE237C00862C26 /* RegistrationResponse.swift */,
			);
			path = ResponseData;
			sourceTree = "<group>";
		};
		1E8B1BB227FF636F00862C26 /* TestAnimation */ = {
			isa = PBXGroup;
			children = (
				1E8B1BB327FF638F00862C26 /* TestAnimation.storyboard */,
				1E8B1BB527FF64F500862C26 /* AlertAnimationViewController.swift */,
				1E8B1BB827FF685400862C26 /* CardAnimationViewController.swift */,
			);
			path = TestAnimation;
			sourceTree = "<group>";
		};
		55030A3379BA340760E80C33 /* Pods */ = {
			isa = PBXGroup;
			children = (
				C58E5753B8FECF1A8A12ECC2 /* Pods-AQUA.debug.xcconfig */,
				7E7D2D05CA21D9D7C731FCD6 /* Pods-AQUA.release.xcconfig */,
				A26277A5FC8289306612E9B7 /* Pods-AQUA-AQUAUITests.debug.xcconfig */,
				8AEB2028AF9EF085EE97C3DE /* Pods-AQUA-AQUAUITests.release.xcconfig */,
				1AB80A849BED4168C15F6589 /* Pods-AQUATests.debug.xcconfig */,
				F55E18D7D6261C15ED181BFB /* Pods-AQUATests.release.xcconfig */,
			);
			path = Pods;
			sourceTree = "<group>";
		};
		753E27E8603216FD82E9812B /* Frameworks */ = {
			isa = PBXGroup;
			children = (
				994523CFDFFA46AFCD950D6E /* Pods_AQUA.framework */,
				1F955F3130BC467C75B72C14 /* Pods_AQUA_AQUAUITests.framework */,
				5FBB02D93C016D44A9EAB530 /* Pods_AQUATests.framework */,
			);
			name = Frameworks;
			sourceTree = "<group>";
		};
		AA3540FD27F99FE8002F70B1 = {
			isa = PBXGroup;
			children = (
				AA35410827F99FE8002F70B1 /* AQUA */,
				AA35412227F99FEB002F70B1 /* AQUATests */,
				AA35412C27F99FEB002F70B1 /* AQUAUITests */,
				AA35410727F99FE8002F70B1 /* Products */,
				55030A3379BA340760E80C33 /* Pods */,
				753E27E8603216FD82E9812B /* Frameworks */,
			);
			sourceTree = "<group>";
		};
		AA35410727F99FE8002F70B1 /* Products */ = {
			isa = PBXGroup;
			children = (
				AA35410627F99FE8002F70B1 /* AQUA.app */,
				AA35411F27F99FEB002F70B1 /* AQUATests.xctest */,
				AA35412927F99FEB002F70B1 /* AQUAUITests.xctest */,
			);
			name = Products;
			sourceTree = "<group>";
		};
		AA35410827F99FE8002F70B1 /* AQUA */ = {
			isa = PBXGroup;
			children = (
				1E8B1BB227FF636F00862C26 /* TestAnimation */,
				AA35416127F9AA60002F70B1 /* Animations */,
				AA35415C27F9A9CB002F70B1 /* Models */,
				AA35415B27F9A9C5002F70B1 /* Views */,
				AA35415A27F9A9B2002F70B1 /* Resources */,
				AA35415927F9A976002F70B1 /* Supporting Files */,
				AA35415827F9A956002F70B1 /* Controllers */,
				AA35414927F9A512002F70B1 /* Fonts */,
				AA35411A27F99FEB002F70B1 /* Info.plist */,
				AA35411227F99FE8002F70B1 /* AQUA.xcdatamodeld */,
			);
			path = AQUA;
			sourceTree = "<group>";
		};
		AA35412227F99FEB002F70B1 /* AQUATests */ = {
			isa = PBXGroup;
			children = (
				AA35412327F99FEB002F70B1 /* AQUATests.swift */,
			);
			path = AQUATests;
			sourceTree = "<group>";
		};
		AA35412C27F99FEB002F70B1 /* AQUAUITests */ = {
			isa = PBXGroup;
			children = (
				AA35412D27F99FEB002F70B1 /* AQUAUITests.swift */,
				AA35412F27F99FEB002F70B1 /* AQUAUITestsLaunchTests.swift */,
			);
			path = AQUAUITests;
			sourceTree = "<group>";
		};
		AA35414927F9A512002F70B1 /* Fonts */ = {
			isa = PBXGroup;
			children = (
				AA35414B27F9A513002F70B1 /* Inter-Regular.otf */,
				AA35414E27F9A514002F70B1 /* Inter-Light.otf */,
				AA35414D27F9A514002F70B1 /* Inter-Medium.otf */,
				AA35414C27F9A513002F70B1 /* TTCommons-Medium.ttf */,
				AA35414A27F9A513002F70B1 /* TTCommons-Light.ttf */,
			);
			path = Fonts;
			sourceTree = "<group>";
		};
		AA35415827F9A956002F70B1 /* Controllers */ = {
			isa = PBXGroup;
			children = (
				AA35415F27F9AA36002F70B1 /* RegisterViewController.swift */,
				AA35413C27F9A01A002F70B1 /* StartupViewController.swift */,
				AA35415427F9A923002F70B1 /* LoginViewController.swift */,
			);
			name = Controllers;
			path = ../Controllers;
			sourceTree = "<group>";
		};
		AA35415927F9A976002F70B1 /* Supporting Files */ = {
			isa = PBXGroup;
			children = (
				AA35410927F99FE8002F70B1 /* AppDelegate.swift */,
				AA35410B27F99FE8002F70B1 /* SceneDelegate.swift */,
			);
			path = "Supporting Files";
			sourceTree = "<group>";
		};
		AA35415A27F9A9B2002F70B1 /* Resources */ = {
			isa = PBXGroup;
			children = (
				AA35411527F99FEB002F70B1 /* Assets.xcassets */,
			);
			path = Resources;
			sourceTree = "<group>";
		};
		AA35415B27F9A9C5002F70B1 /* Views */ = {
			isa = PBXGroup;
			children = (
				AA35410F27F99FE8002F70B1 /* Main.storyboard */,
				AA35411727F99FEB002F70B1 /* LaunchScreen.storyboard */,
			);
			path = Views;
			sourceTree = "<group>";
		};
		AA35415C27F9A9CB002F70B1 /* Models */ = {
			isa = PBXGroup;
			children = (
				1E8B1B8D27FE237C00862C26 /* ResponseData */,
			);
			path = Models;
			sourceTree = "<group>";
		};
		AA35416127F9AA60002F70B1 /* Animations */ = {
			isa = PBXGroup;
			children = (
				AA35416227F9B0A6002F70B1 /* PresentTransition.swift */,
			);
			path = Animations;
			sourceTree = "<group>";
		};
/* End PBXGroup section */

/* Begin PBXNativeTarget section */
		AA35410527F99FE8002F70B1 /* AQUA */ = {
			isa = PBXNativeTarget;
			buildConfigurationList = AA35413327F99FEB002F70B1 /* Build configuration list for PBXNativeTarget "AQUA" */;
			buildPhases = (
				9A6292FEBCBD5D9CB128EF63 /* [CP] Check Pods Manifest.lock */,
				AA35410227F99FE8002F70B1 /* Sources */,
				AA35410327F99FE8002F70B1 /* Frameworks */,
				AA35410427F99FE8002F70B1 /* Resources */,
				128222C0CFCEB3FED77BB88A /* [CP] Embed Pods Frameworks */,
			);
			buildRules = (
			);
			dependencies = (
			);
			name = AQUA;
			productName = AQUA;
			productReference = AA35410627F99FE8002F70B1 /* AQUA.app */;
			productType = "com.apple.product-type.application";
		};
		AA35411E27F99FEB002F70B1 /* AQUATests */ = {
			isa = PBXNativeTarget;
			buildConfigurationList = AA35413627F99FEB002F70B1 /* Build configuration list for PBXNativeTarget "AQUATests" */;
			buildPhases = (
				640817527871ED64E07392E4 /* [CP] Check Pods Manifest.lock */,
				AA35411B27F99FEB002F70B1 /* Sources */,
				AA35411C27F99FEB002F70B1 /* Frameworks */,
				AA35411D27F99FEB002F70B1 /* Resources */,
			);
			buildRules = (
			);
			dependencies = (
				AA35412127F99FEB002F70B1 /* PBXTargetDependency */,
			);
			name = AQUATests;
			productName = AQUATests;
			productReference = AA35411F27F99FEB002F70B1 /* AQUATests.xctest */;
			productType = "com.apple.product-type.bundle.unit-test";
		};
		AA35412827F99FEB002F70B1 /* AQUAUITests */ = {
			isa = PBXNativeTarget;
			buildConfigurationList = AA35413927F99FEB002F70B1 /* Build configuration list for PBXNativeTarget "AQUAUITests" */;
			buildPhases = (
				C464052C20ABA3AE3312851A /* [CP] Check Pods Manifest.lock */,
				AA35412527F99FEB002F70B1 /* Sources */,
				AA35412627F99FEB002F70B1 /* Frameworks */,
				AA35412727F99FEB002F70B1 /* Resources */,
				DE1515B253D900CE7B066026 /* [CP] Embed Pods Frameworks */,
			);
			buildRules = (
			);
			dependencies = (
				AA35412B27F99FEB002F70B1 /* PBXTargetDependency */,
			);
			name = AQUAUITests;
			productName = AQUAUITests;
			productReference = AA35412927F99FEB002F70B1 /* AQUAUITests.xctest */;
			productType = "com.apple.product-type.bundle.ui-testing";
		};
/* End PBXNativeTarget section */

/* Begin PBXProject section */
		AA3540FE27F99FE8002F70B1 /* Project object */ = {
			isa = PBXProject;
			attributes = {
				BuildIndependentTargetsInParallel = 1;
				LastSwiftUpdateCheck = 1330;
				LastUpgradeCheck = 1330;
				TargetAttributes = {
					AA35410527F99FE8002F70B1 = {
						CreatedOnToolsVersion = 13.3;
					};
					AA35411E27F99FEB002F70B1 = {
						CreatedOnToolsVersion = 13.3;
						TestTargetID = AA35410527F99FE8002F70B1;
					};
					AA35412827F99FEB002F70B1 = {
						CreatedOnToolsVersion = 13.3;
						TestTargetID = AA35410527F99FE8002F70B1;
					};
				};
			};
			buildConfigurationList = AA35410127F99FE8002F70B1 /* Build configuration list for PBXProject "AQUA" */;
			compatibilityVersion = "Xcode 13.0";
			developmentRegion = en;
			hasScannedForEncodings = 0;
			knownRegions = (
				en,
				Base,
			);
			mainGroup = AA3540FD27F99FE8002F70B1;
			productRefGroup = AA35410727F99FE8002F70B1 /* Products */;
			projectDirPath = "";
			projectRoot = "";
			targets = (
				AA35410527F99FE8002F70B1 /* AQUA */,
				AA35411E27F99FEB002F70B1 /* AQUATests */,
				AA35412827F99FEB002F70B1 /* AQUAUITests */,
			);
		};
/* End PBXProject section */

/* Begin PBXResourcesBuildPhase section */
		AA35410427F99FE8002F70B1 /* Resources */ = {
			isa = PBXResourcesBuildPhase;
			buildActionMask = 2147483647;
			files = (
				AA35415327F9A5E0002F70B1 /* TTCommons-Light.ttf in Resources */,
				AA35415027F9A5D9002F70B1 /* Inter-Light.otf in Resources */,
				AA35415227F9A5DE002F70B1 /* TTCommons-Medium.ttf in Resources */,
				AA35415127F9A5DB002F70B1 /* Inter-Medium.otf in Resources */,
				1E8B1BB427FF638F00862C26 /* TestAnimation.storyboard in Resources */,
				AA35411927F99FEB002F70B1 /* LaunchScreen.storyboard in Resources */,
				AA35414F27F9A5D5002F70B1 /* Inter-Regular.otf in Resources */,
				AA35411627F99FEB002F70B1 /* Assets.xcassets in Resources */,
				AA35411127F99FE8002F70B1 /* Main.storyboard in Resources */,
			);
			runOnlyForDeploymentPostprocessing = 0;
		};
		AA35411D27F99FEB002F70B1 /* Resources */ = {
			isa = PBXResourcesBuildPhase;
			buildActionMask = 2147483647;
			files = (
			);
			runOnlyForDeploymentPostprocessing = 0;
		};
		AA35412727F99FEB002F70B1 /* Resources */ = {
			isa = PBXResourcesBuildPhase;
			buildActionMask = 2147483647;
			files = (
			);
			runOnlyForDeploymentPostprocessing = 0;
		};
/* End PBXResourcesBuildPhase section */

/* Begin PBXShellScriptBuildPhase section */
		128222C0CFCEB3FED77BB88A /* [CP] Embed Pods Frameworks */ = {
			isa = PBXShellScriptBuildPhase;
			buildActionMask = 2147483647;
			files = (
			);
			inputFileListPaths = (
				"${PODS_ROOT}/Target Support Files/Pods-AQUA/Pods-AQUA-frameworks-${CONFIGURATION}-input-files.xcfilelist",
			);
			name = "[CP] Embed Pods Frameworks";
			outputFileListPaths = (
				"${PODS_ROOT}/Target Support Files/Pods-AQUA/Pods-AQUA-frameworks-${CONFIGURATION}-output-files.xcfilelist",
			);
			runOnlyForDeploymentPostprocessing = 0;
			shellPath = /bin/sh;
			shellScript = "\"${PODS_ROOT}/Target Support Files/Pods-AQUA/Pods-AQUA-frameworks.sh\"\n";
			showEnvVarsInLog = 0;
		};
		640817527871ED64E07392E4 /* [CP] Check Pods Manifest.lock */ = {
			isa = PBXShellScriptBuildPhase;
			buildActionMask = 2147483647;
			files = (
			);
			inputFileListPaths = (
			);
			inputPaths = (
				"${PODS_PODFILE_DIR_PATH}/Podfile.lock",
				"${PODS_ROOT}/Manifest.lock",
			);
			name = "[CP] Check Pods Manifest.lock";
			outputFileListPaths = (
			);
			outputPaths = (
				"$(DERIVED_FILE_DIR)/Pods-AQUATests-checkManifestLockResult.txt",
			);
			runOnlyForDeploymentPostprocessing = 0;
			shellPath = /bin/sh;
			shellScript = "diff \"${PODS_PODFILE_DIR_PATH}/Podfile.lock\" \"${PODS_ROOT}/Manifest.lock\" > /dev/null\nif [ $? != 0 ] ; then\n    # print error to STDERR\n    echo \"error: The sandbox is not in sync with the Podfile.lock. Run 'pod install' or update your CocoaPods installation.\" >&2\n    exit 1\nfi\n# This output is used by Xcode 'outputs' to avoid re-running this script phase.\necho \"SUCCESS\" > \"${SCRIPT_OUTPUT_FILE_0}\"\n";
			showEnvVarsInLog = 0;
		};
		9A6292FEBCBD5D9CB128EF63 /* [CP] Check Pods Manifest.lock */ = {
			isa = PBXShellScriptBuildPhase;
			buildActionMask = 2147483647;
			files = (
			);
			inputFileListPaths = (
			);
			inputPaths = (
				"${PODS_PODFILE_DIR_PATH}/Podfile.lock",
				"${PODS_ROOT}/Manifest.lock",
			);
			name = "[CP] Check Pods Manifest.lock";
			outputFileListPaths = (
			);
			outputPaths = (
				"$(DERIVED_FILE_DIR)/Pods-AQUA-checkManifestLockResult.txt",
			);
			runOnlyForDeploymentPostprocessing = 0;
			shellPath = /bin/sh;
			shellScript = "diff \"${PODS_PODFILE_DIR_PATH}/Podfile.lock\" \"${PODS_ROOT}/Manifest.lock\" > /dev/null\nif [ $? != 0 ] ; then\n    # print error to STDERR\n    echo \"error: The sandbox is not in sync with the Podfile.lock. Run 'pod install' or update your CocoaPods installation.\" >&2\n    exit 1\nfi\n# This output is used by Xcode 'outputs' to avoid re-running this script phase.\necho \"SUCCESS\" > \"${SCRIPT_OUTPUT_FILE_0}\"\n";
			showEnvVarsInLog = 0;
		};
		C464052C20ABA3AE3312851A /* [CP] Check Pods Manifest.lock */ = {
			isa = PBXShellScriptBuildPhase;
			buildActionMask = 2147483647;
			files = (
			);
			inputFileListPaths = (
			);
			inputPaths = (
				"${PODS_PODFILE_DIR_PATH}/Podfile.lock",
				"${PODS_ROOT}/Manifest.lock",
			);
			name = "[CP] Check Pods Manifest.lock";
			outputFileListPaths = (
			);
			outputPaths = (
				"$(DERIVED_FILE_DIR)/Pods-AQUA-AQUAUITests-checkManifestLockResult.txt",
			);
			runOnlyForDeploymentPostprocessing = 0;
			shellPath = /bin/sh;
			shellScript = "diff \"${PODS_PODFILE_DIR_PATH}/Podfile.lock\" \"${PODS_ROOT}/Manifest.lock\" > /dev/null\nif [ $? != 0 ] ; then\n    # print error to STDERR\n    echo \"error: The sandbox is not in sync with the Podfile.lock. Run 'pod install' or update your CocoaPods installation.\" >&2\n    exit 1\nfi\n# This output is used by Xcode 'outputs' to avoid re-running this script phase.\necho \"SUCCESS\" > \"${SCRIPT_OUTPUT_FILE_0}\"\n";
			showEnvVarsInLog = 0;
		};
		DE1515B253D900CE7B066026 /* [CP] Embed Pods Frameworks */ = {
			isa = PBXShellScriptBuildPhase;
			buildActionMask = 2147483647;
			files = (
			);
			inputFileListPaths = (
				"${PODS_ROOT}/Target Support Files/Pods-AQUA-AQUAUITests/Pods-AQUA-AQUAUITests-frameworks-${CONFIGURATION}-input-files.xcfilelist",
			);
			name = "[CP] Embed Pods Frameworks";
			outputFileListPaths = (
				"${PODS_ROOT}/Target Support Files/Pods-AQUA-AQUAUITests/Pods-AQUA-AQUAUITests-frameworks-${CONFIGURATION}-output-files.xcfilelist",
			);
			runOnlyForDeploymentPostprocessing = 0;
			shellPath = /bin/sh;
			shellScript = "\"${PODS_ROOT}/Target Support Files/Pods-AQUA-AQUAUITests/Pods-AQUA-AQUAUITests-frameworks.sh\"\n";
			showEnvVarsInLog = 0;
		};
/* End PBXShellScriptBuildPhase section */

/* Begin PBXSourcesBuildPhase section */
		AA35410227F99FE8002F70B1 /* Sources */ = {
			isa = PBXSourcesBuildPhase;
			buildActionMask = 2147483647;
			files = (
				1E8B1B9F27FE237C00862C26 /* CodeConfirmResponse.swift in Sources */,
				AA35415527F9A923002F70B1 /* LoginViewController.swift in Sources */,
				1E8B1B9D27FE237C00862C26 /* HistoryResponse.swift in Sources */,
				1E8B1BA327FE237C00862C26 /* RegistrationResponse.swift in Sources */,
				1E8B1B9A27FE237C00862C26 /* ConfigPaymentsResponse.swift in Sources */,
				AA35416027F9AA36002F70B1 /* RegisterViewController.swift in Sources */,
				AA35411427F99FE8002F70B1 /* AQUA.xcdatamodeld in Sources */,
				1E8B1BA027FE237C00862C26 /* WithdrawResponse.swift in Sources */,
				1E8B1B9E27FE237C00862C26 /* PaymentProcessResponse.swift in Sources */,
				1E8B1BA227FE237C00862C26 /* TransferResponseswift.swift in Sources */,
				1E8B1BB627FF64F500862C26 /* AlertAnimationViewController.swift in Sources */,
				AA35410A27F99FE8002F70B1 /* AppDelegate.swift in Sources */,
				1E8B1B9B27FE237C00862C26 /* WalletListResponse.swift in Sources */,
				AA35416327F9B0A6002F70B1 /* PresentTransition.swift in Sources */,
				AA35410C27F99FE8002F70B1 /* SceneDelegate.swift in Sources */,
				AA35413D27F9A01A002F70B1 /* StartupViewController.swift in Sources */,
				1E8B1B9927FE237C00862C26 /* DepositResponse.swift in Sources */,
				1E8B1BA127FE237C00862C26 /* PayoffMethodsResponse.swift in Sources */,
				1E8B1B9C27FE237C00862C26 /* AuthorizationResponse.swift in Sources */,
				1E8B1BB927FF685400862C26 /* CardAnimationViewController.swift in Sources */,
			);
			runOnlyForDeploymentPostprocessing = 0;
		};
		AA35411B27F99FEB002F70B1 /* Sources */ = {
			isa = PBXSourcesBuildPhase;
			buildActionMask = 2147483647;
			files = (
				AA35412427F99FEB002F70B1 /* AQUATests.swift in Sources */,
			);
			runOnlyForDeploymentPostprocessing = 0;
		};
		AA35412527F99FEB002F70B1 /* Sources */ = {
			isa = PBXSourcesBuildPhase;
			buildActionMask = 2147483647;
			files = (
				AA35413027F99FEB002F70B1 /* AQUAUITestsLaunchTests.swift in Sources */,
				AA35412E27F99FEB002F70B1 /* AQUAUITests.swift in Sources */,
			);
			runOnlyForDeploymentPostprocessing = 0;
		};
/* End PBXSourcesBuildPhase section */

/* Begin PBXTargetDependency section */
		AA35412127F99FEB002F70B1 /* PBXTargetDependency */ = {
			isa = PBXTargetDependency;
			target = AA35410527F99FE8002F70B1 /* AQUA */;
			targetProxy = AA35412027F99FEB002F70B1 /* PBXContainerItemProxy */;
		};
		AA35412B27F99FEB002F70B1 /* PBXTargetDependency */ = {
			isa = PBXTargetDependency;
			target = AA35410527F99FE8002F70B1 /* AQUA */;
			targetProxy = AA35412A27F99FEB002F70B1 /* PBXContainerItemProxy */;
		};
/* End PBXTargetDependency section */

/* Begin PBXVariantGroup section */
		AA35410F27F99FE8002F70B1 /* Main.storyboard */ = {
			isa = PBXVariantGroup;
			children = (
				AA35411027F99FE8002F70B1 /* Base */,
			);
			name = Main.storyboard;
			sourceTree = "<group>";
		};
		AA35411727F99FEB002F70B1 /* LaunchScreen.storyboard */ = {
			isa = PBXVariantGroup;
			children = (
				AA35411827F99FEB002F70B1 /* Base */,
			);
			name = LaunchScreen.storyboard;
			sourceTree = "<group>";
		};
/* End PBXVariantGroup section */

/* Begin XCBuildConfiguration section */
		AA35413127F99FEB002F70B1 /* Debug */ = {
			isa = XCBuildConfiguration;
			buildSettings = {
				ALWAYS_SEARCH_USER_PATHS = NO;
				CLANG_ANALYZER_NONNULL = YES;
				CLANG_ANALYZER_NUMBER_OBJECT_CONVERSION = YES_AGGRESSIVE;
				CLANG_CXX_LANGUAGE_STANDARD = "gnu++17";
				CLANG_ENABLE_MODULES = YES;
				CLANG_ENABLE_OBJC_ARC = YES;
				CLANG_ENABLE_OBJC_WEAK = YES;
				CLANG_WARN_BLOCK_CAPTURE_AUTORELEASING = YES;
				CLANG_WARN_BOOL_CONVERSION = YES;
				CLANG_WARN_COMMA = YES;
				CLANG_WARN_CONSTANT_CONVERSION = YES;
				CLANG_WARN_DEPRECATED_OBJC_IMPLEMENTATIONS = YES;
				CLANG_WARN_DIRECT_OBJC_ISA_USAGE = YES_ERROR;
				CLANG_WARN_DOCUMENTATION_COMMENTS = YES;
				CLANG_WARN_EMPTY_BODY = YES;
				CLANG_WARN_ENUM_CONVERSION = YES;
				CLANG_WARN_INFINITE_RECURSION = YES;
				CLANG_WARN_INT_CONVERSION = YES;
				CLANG_WARN_NON_LITERAL_NULL_CONVERSION = YES;
				CLANG_WARN_OBJC_IMPLICIT_RETAIN_SELF = YES;
				CLANG_WARN_OBJC_LITERAL_CONVERSION = YES;
				CLANG_WARN_OBJC_ROOT_CLASS = YES_ERROR;
				CLANG_WARN_QUOTED_INCLUDE_IN_FRAMEWORK_HEADER = YES;
				CLANG_WARN_RANGE_LOOP_ANALYSIS = YES;
				CLANG_WARN_STRICT_PROTOTYPES = YES;
				CLANG_WARN_SUSPICIOUS_MOVE = YES;
				CLANG_WARN_UNGUARDED_AVAILABILITY = YES_AGGRESSIVE;
				CLANG_WARN_UNREACHABLE_CODE = YES;
				CLANG_WARN__DUPLICATE_METHOD_MATCH = YES;
				COPY_PHASE_STRIP = NO;
				DEBUG_INFORMATION_FORMAT = dwarf;
				ENABLE_STRICT_OBJC_MSGSEND = YES;
				ENABLE_TESTABILITY = YES;
				GCC_C_LANGUAGE_STANDARD = gnu11;
				GCC_DYNAMIC_NO_PIC = NO;
				GCC_NO_COMMON_BLOCKS = YES;
				GCC_OPTIMIZATION_LEVEL = 0;
				GCC_PREPROCESSOR_DEFINITIONS = (
					"DEBUG=1",
					"$(inherited)",
				);
				GCC_WARN_64_TO_32_BIT_CONVERSION = YES;
				GCC_WARN_ABOUT_RETURN_TYPE = YES_ERROR;
				GCC_WARN_UNDECLARED_SELECTOR = YES;
				GCC_WARN_UNINITIALIZED_AUTOS = YES_AGGRESSIVE;
				GCC_WARN_UNUSED_FUNCTION = YES;
				GCC_WARN_UNUSED_VARIABLE = YES;
				IPHONEOS_DEPLOYMENT_TARGET = 15.4;
				MTL_ENABLE_DEBUG_INFO = INCLUDE_SOURCE;
				MTL_FAST_MATH = YES;
				ONLY_ACTIVE_ARCH = YES;
				SDKROOT = iphoneos;
				SWIFT_ACTIVE_COMPILATION_CONDITIONS = DEBUG;
				SWIFT_OPTIMIZATION_LEVEL = "-Onone";
			};
			name = Debug;
		};
		AA35413227F99FEB002F70B1 /* Release */ = {
			isa = XCBuildConfiguration;
			buildSettings = {
				ALWAYS_SEARCH_USER_PATHS = NO;
				CLANG_ANALYZER_NONNULL = YES;
				CLANG_ANALYZER_NUMBER_OBJECT_CONVERSION = YES_AGGRESSIVE;
				CLANG_CXX_LANGUAGE_STANDARD = "gnu++17";
				CLANG_ENABLE_MODULES = YES;
				CLANG_ENABLE_OBJC_ARC = YES;
				CLANG_ENABLE_OBJC_WEAK = YES;
				CLANG_WARN_BLOCK_CAPTURE_AUTORELEASING = YES;
				CLANG_WARN_BOOL_CONVERSION = YES;
				CLANG_WARN_COMMA = YES;
				CLANG_WARN_CONSTANT_CONVERSION = YES;
				CLANG_WARN_DEPRECATED_OBJC_IMPLEMENTATIONS = YES;
				CLANG_WARN_DIRECT_OBJC_ISA_USAGE = YES_ERROR;
				CLANG_WARN_DOCUMENTATION_COMMENTS = YES;
				CLANG_WARN_EMPTY_BODY = YES;
				CLANG_WARN_ENUM_CONVERSION = YES;
				CLANG_WARN_INFINITE_RECURSION = YES;
				CLANG_WARN_INT_CONVERSION = YES;
				CLANG_WARN_NON_LITERAL_NULL_CONVERSION = YES;
				CLANG_WARN_OBJC_IMPLICIT_RETAIN_SELF = YES;
				CLANG_WARN_OBJC_LITERAL_CONVERSION = YES;
				CLANG_WARN_OBJC_ROOT_CLASS = YES_ERROR;
				CLANG_WARN_QUOTED_INCLUDE_IN_FRAMEWORK_HEADER = YES;
				CLANG_WARN_RANGE_LOOP_ANALYSIS = YES;
				CLANG_WARN_STRICT_PROTOTYPES = YES;
				CLANG_WARN_SUSPICIOUS_MOVE = YES;
				CLANG_WARN_UNGUARDED_AVAILABILITY = YES_AGGRESSIVE;
				CLANG_WARN_UNREACHABLE_CODE = YES;
				CLANG_WARN__DUPLICATE_METHOD_MATCH = YES;
				COPY_PHASE_STRIP = NO;
				DEBUG_INFORMATION_FORMAT = "dwarf-with-dsym";
				ENABLE_NS_ASSERTIONS = NO;
				ENABLE_STRICT_OBJC_MSGSEND = YES;
				GCC_C_LANGUAGE_STANDARD = gnu11;
				GCC_NO_COMMON_BLOCKS = YES;
				GCC_WARN_64_TO_32_BIT_CONVERSION = YES;
				GCC_WARN_ABOUT_RETURN_TYPE = YES_ERROR;
				GCC_WARN_UNDECLARED_SELECTOR = YES;
				GCC_WARN_UNINITIALIZED_AUTOS = YES_AGGRESSIVE;
				GCC_WARN_UNUSED_FUNCTION = YES;
				GCC_WARN_UNUSED_VARIABLE = YES;
				IPHONEOS_DEPLOYMENT_TARGET = 15.4;
				MTL_ENABLE_DEBUG_INFO = NO;
				MTL_FAST_MATH = YES;
				SDKROOT = iphoneos;
				SWIFT_COMPILATION_MODE = wholemodule;
				SWIFT_OPTIMIZATION_LEVEL = "-O";
				VALIDATE_PRODUCT = YES;
			};
			name = Release;
		};
		AA35413427F99FEB002F70B1 /* Debug */ = {
			isa = XCBuildConfiguration;
			baseConfigurationReference = C58E5753B8FECF1A8A12ECC2 /* Pods-AQUA.debug.xcconfig */;
			buildSettings = {
				ASSETCATALOG_COMPILER_APPICON_NAME = AppIcon;
				ASSETCATALOG_COMPILER_GLOBAL_ACCENT_COLOR_NAME = AccentColor;
				CODE_SIGN_STYLE = Automatic;
				CURRENT_PROJECT_VERSION = 1;
				DEVELOPMENT_TEAM = Z95P383GBF;
				GENERATE_INFOPLIST_FILE = YES;
				INFOPLIST_FILE = AQUA/Info.plist;
				INFOPLIST_KEY_UIApplicationSupportsIndirectInputEvents = YES;
				INFOPLIST_KEY_UILaunchStoryboardName = LaunchScreen;
				INFOPLIST_KEY_UIMainStoryboardFile = Main;
				INFOPLIST_KEY_UISupportedInterfaceOrientations = UIInterfaceOrientationPortrait;
				INFOPLIST_KEY_UISupportedInterfaceOrientations_iPad = "UIInterfaceOrientationPortrait UIInterfaceOrientationPortraitUpsideDown UIInterfaceOrientationLandscapeLeft UIInterfaceOrientationLandscapeRight";
				INFOPLIST_KEY_UISupportedInterfaceOrientations_iPhone = "UIInterfaceOrientationPortrait UIInterfaceOrientationLandscapeLeft UIInterfaceOrientationLandscapeRight";
				LD_RUNPATH_SEARCH_PATHS = (
					"$(inherited)",
					"@executable_path/Frameworks",
				);
				MARKETING_VERSION = 1.0;
				PRODUCT_BUNDLE_IDENTIFIER = voxsie.AQUA;
				PRODUCT_NAME = "$(TARGET_NAME)";
				SWIFT_EMIT_LOC_STRINGS = YES;
				SWIFT_VERSION = 5.0;
				TARGETED_DEVICE_FAMILY = 1;
			};
			name = Debug;
		};
		AA35413527F99FEB002F70B1 /* Release */ = {
			isa = XCBuildConfiguration;
			baseConfigurationReference = 7E7D2D05CA21D9D7C731FCD6 /* Pods-AQUA.release.xcconfig */;
			buildSettings = {
				ASSETCATALOG_COMPILER_APPICON_NAME = AppIcon;
				ASSETCATALOG_COMPILER_GLOBAL_ACCENT_COLOR_NAME = AccentColor;
				CODE_SIGN_STYLE = Automatic;
				CURRENT_PROJECT_VERSION = 1;
				DEVELOPMENT_TEAM = Z95P383GBF;
				GENERATE_INFOPLIST_FILE = YES;
				INFOPLIST_FILE = AQUA/Info.plist;
				INFOPLIST_KEY_UIApplicationSupportsIndirectInputEvents = YES;
				INFOPLIST_KEY_UILaunchStoryboardName = LaunchScreen;
				INFOPLIST_KEY_UIMainStoryboardFile = Main;
				INFOPLIST_KEY_UISupportedInterfaceOrientations = UIInterfaceOrientationPortrait;
				INFOPLIST_KEY_UISupportedInterfaceOrientations_iPad = "UIInterfaceOrientationPortrait UIInterfaceOrientationPortraitUpsideDown UIInterfaceOrientationLandscapeLeft UIInterfaceOrientationLandscapeRight";
				INFOPLIST_KEY_UISupportedInterfaceOrientations_iPhone = "UIInterfaceOrientationPortrait UIInterfaceOrientationLandscapeLeft UIInterfaceOrientationLandscapeRight";
				LD_RUNPATH_SEARCH_PATHS = (
					"$(inherited)",
					"@executable_path/Frameworks",
				);
				MARKETING_VERSION = 1.0;
				PRODUCT_BUNDLE_IDENTIFIER = voxsie.AQUA;
				PRODUCT_NAME = "$(TARGET_NAME)";
				SWIFT_EMIT_LOC_STRINGS = YES;
				SWIFT_VERSION = 5.0;
				TARGETED_DEVICE_FAMILY = 1;
			};
			name = Release;
		};
		AA35413727F99FEB002F70B1 /* Debug */ = {
			isa = XCBuildConfiguration;
			baseConfigurationReference = 1AB80A849BED4168C15F6589 /* Pods-AQUATests.debug.xcconfig */;
			buildSettings = {
				ALWAYS_EMBED_SWIFT_STANDARD_LIBRARIES = YES;
				BUNDLE_LOADER = "$(TEST_HOST)";
				CODE_SIGN_STYLE = Automatic;
				CURRENT_PROJECT_VERSION = 1;
				DEVELOPMENT_TEAM = Z95P383GBF;
				GENERATE_INFOPLIST_FILE = YES;
				IPHONEOS_DEPLOYMENT_TARGET = 15.4;
				MARKETING_VERSION = 1.0;
				PRODUCT_BUNDLE_IDENTIFIER = voxsie.AQUATests;
				PRODUCT_NAME = "$(TARGET_NAME)";
				SWIFT_EMIT_LOC_STRINGS = NO;
				SWIFT_VERSION = 5.0;
				TARGETED_DEVICE_FAMILY = "1,2";
				TEST_HOST = "$(BUILT_PRODUCTS_DIR)/AQUA.app/AQUA";
			};
			name = Debug;
		};
		AA35413827F99FEB002F70B1 /* Release */ = {
			isa = XCBuildConfiguration;
			baseConfigurationReference = F55E18D7D6261C15ED181BFB /* Pods-AQUATests.release.xcconfig */;
			buildSettings = {
				ALWAYS_EMBED_SWIFT_STANDARD_LIBRARIES = YES;
				BUNDLE_LOADER = "$(TEST_HOST)";
				CODE_SIGN_STYLE = Automatic;
				CURRENT_PROJECT_VERSION = 1;
				DEVELOPMENT_TEAM = Z95P383GBF;
				GENERATE_INFOPLIST_FILE = YES;
				IPHONEOS_DEPLOYMENT_TARGET = 15.4;
				MARKETING_VERSION = 1.0;
				PRODUCT_BUNDLE_IDENTIFIER = voxsie.AQUATests;
				PRODUCT_NAME = "$(TARGET_NAME)";
				SWIFT_EMIT_LOC_STRINGS = NO;
				SWIFT_VERSION = 5.0;
				TARGETED_DEVICE_FAMILY = "1,2";
				TEST_HOST = "$(BUILT_PRODUCTS_DIR)/AQUA.app/AQUA";
			};
			name = Release;
		};
		AA35413A27F99FEB002F70B1 /* Debug */ = {
			isa = XCBuildConfiguration;
			baseConfigurationReference = A26277A5FC8289306612E9B7 /* Pods-AQUA-AQUAUITests.debug.xcconfig */;
			buildSettings = {
				ALWAYS_EMBED_SWIFT_STANDARD_LIBRARIES = YES;
				CODE_SIGN_STYLE = Automatic;
				CURRENT_PROJECT_VERSION = 1;
				DEVELOPMENT_TEAM = Z95P383GBF;
				GENERATE_INFOPLIST_FILE = YES;
				MARKETING_VERSION = 1.0;
				PRODUCT_BUNDLE_IDENTIFIER = voxsie.AQUAUITests;
				PRODUCT_NAME = "$(TARGET_NAME)";
				SWIFT_EMIT_LOC_STRINGS = NO;
				SWIFT_VERSION = 5.0;
				TARGETED_DEVICE_FAMILY = "1,2";
				TEST_TARGET_NAME = AQUA;
			};
			name = Debug;
		};
		AA35413B27F99FEB002F70B1 /* Release */ = {
			isa = XCBuildConfiguration;
			baseConfigurationReference = 8AEB2028AF9EF085EE97C3DE /* Pods-AQUA-AQUAUITests.release.xcconfig */;
			buildSettings = {
				ALWAYS_EMBED_SWIFT_STANDARD_LIBRARIES = YES;
				CODE_SIGN_STYLE = Automatic;
				CURRENT_PROJECT_VERSION = 1;
				DEVELOPMENT_TEAM = Z95P383GBF;
				GENERATE_INFOPLIST_FILE = YES;
				MARKETING_VERSION = 1.0;
				PRODUCT_BUNDLE_IDENTIFIER = voxsie.AQUAUITests;
				PRODUCT_NAME = "$(TARGET_NAME)";
				SWIFT_EMIT_LOC_STRINGS = NO;
				SWIFT_VERSION = 5.0;
				TARGETED_DEVICE_FAMILY = "1,2";
				TEST_TARGET_NAME = AQUA;
			};
			name = Release;
		};
/* End XCBuildConfiguration section */

/* Begin XCConfigurationList section */
		AA35410127F99FE8002F70B1 /* Build configuration list for PBXProject "AQUA" */ = {
			isa = XCConfigurationList;
			buildConfigurations = (
				AA35413127F99FEB002F70B1 /* Debug */,
				AA35413227F99FEB002F70B1 /* Release */,
			);
			defaultConfigurationIsVisible = 0;
			defaultConfigurationName = Release;
		};
		AA35413327F99FEB002F70B1 /* Build configuration list for PBXNativeTarget "AQUA" */ = {
			isa = XCConfigurationList;
			buildConfigurations = (
				AA35413427F99FEB002F70B1 /* Debug */,
				AA35413527F99FEB002F70B1 /* Release */,
			);
			defaultConfigurationIsVisible = 0;
			defaultConfigurationName = Release;
		};
		AA35413627F99FEB002F70B1 /* Build configuration list for PBXNativeTarget "AQUATests" */ = {
			isa = XCConfigurationList;
			buildConfigurations = (
				AA35413727F99FEB002F70B1 /* Debug */,
				AA35413827F99FEB002F70B1 /* Release */,
			);
			defaultConfigurationIsVisible = 0;
			defaultConfigurationName = Release;
		};
		AA35413927F99FEB002F70B1 /* Build configuration list for PBXNativeTarget "AQUAUITests" */ = {
			isa = XCConfigurationList;
			buildConfigurations = (
				AA35413A27F99FEB002F70B1 /* Debug */,
				AA35413B27F99FEB002F70B1 /* Release */,
			);
			defaultConfigurationIsVisible = 0;
			defaultConfigurationName = Release;
		};
/* End XCConfigurationList section */

/* Begin XCVersionGroup section */
		AA35411227F99FE8002F70B1 /* AQUA.xcdatamodeld */ = {
			isa = XCVersionGroup;
			children = (
				AA35411327F99FE8002F70B1 /* AQUA.xcdatamodel */,
			);
			currentVersion = AA35411327F99FE8002F70B1 /* AQUA.xcdatamodel */;
			path = AQUA.xcdatamodeld;
			sourceTree = "<group>";
			versionGroupType = wrapper.xcdatamodel;
		};
/* End XCVersionGroup section */
	};
	rootObject = AA3540FE27F99FE8002F70B1 /* Project object */;
}
